{
  "version": 4,
  "terraform_version": "1.12.1",
  "serial": 51,
  "lineage": "184bae9f-6b6b-027a-ddc3-95e4e4a5a6ef",
  "outputs": {},
  "resources": [
    {
      "mode": "data",
      "type": "archive_file",
      "name": "alert_listener_zip",
      "provider": "provider[\"registry.terraform.io/hashicorp/archive\"]",
      "instances": [
        {
          "schema_version": 0,
          "attributes": {
            "exclude_symlink_directories": null,
            "excludes": null,
            "id": "fa107e52e232d3685e7df1707f5acaee52223083",
            "output_base64sha256": "oUdSWxy12T3M9ySGuU4MeWwEFozMV2rFI4BjCWBi7g4=",
            "output_base64sha512": "Wmx1h4CDEm3jJ7wPuGAITbAujWFvsPtc5mDnJxip94OBu+GisuegWAc2s1uVVrOi8w0eMUbvag0nvrvxWirwzg==",
            "output_file_mode": null,
            "output_md5": "6fa2d1167bd3517c7110d375466fb4c5",
            "output_path": "../../src/build/lambda/alert_listener_package/function.zip",
            "output_sha": "fa107e52e232d3685e7df1707f5acaee52223083",
            "output_sha256": "a147525b1cb5d93dccf72486b94e0c796c04168ccc576ac5238063096062ee0e",
            "output_sha512": "5a6c75878083126de327bc0fb860084db02e8d616fb0fb5ce660e72718a9f78381bbe1a2b2e7a0580736b35b9556b3a2f30d1e3146ef6a0d27bebbf15a2af0ce",
            "output_size": 36838497,
            "source": [],
            "source_content": null,
            "source_content_filename": null,
            "source_dir": "../../src/build/lambda/alert_listener_package",
            "source_file": null,
            "type": "zip"
          },
          "sensitive_attributes": [],
          "identity_schema_version": 0
        }
      ]
    },
    {
      "mode": "data",
      "type": "archive_file",
      "name": "poll_alerts_zip",
      "provider": "provider[\"registry.terraform.io/hashicorp/archive\"]",
      "instances": [
        {
          "schema_version": 0,
          "attributes": {
            "exclude_symlink_directories": null,
            "excludes": null,
            "id": "e76c1b557d792e40b931ec2a5ea18887d9ccfe1e",
            "output_base64sha256": "bbOMOVxc3VzxuqEvvmp0xoNnJ9CFw7/QyrrC3xuPlPE=",
            "output_base64sha512": "IawkyisyzKKVb1XV5xMKkwL9cmSpom/CDP0x+Z/3qvji52aSmt5OghfpzVMAVF4CE2FR0RwvW+A1s2hJ/wCuow==",
            "output_file_mode": null,
            "output_md5": "fac94e04f6e6d32534b7fe7e30d2a353",
            "output_path": "../../src/build/lambda/poll_alerts_package/function.zip",
            "output_sha": "e76c1b557d792e40b931ec2a5ea18887d9ccfe1e",
            "output_sha256": "6db38c395c5cdd5cf1baa12fbe6a74c6836727d085c3bfd0cabac2df1b8f94f1",
            "output_sha512": "21ac24ca2b32cca2956f55d5e7130a9302fd7264a9a26fc20cfd31f99ff7aaf8e2e766929ade4e8217e9cd5300545e02136151d11c2f5be035b36849ff00aea3",
            "output_size": 36838111,
            "source": [],
            "source_content": null,
            "source_content_filename": null,
            "source_dir": "../../src/build/lambda/poll_alerts_package",
            "source_file": null,
            "type": "zip"
          },
          "sensitive_attributes": [],
          "identity_schema_version": 0
        }
      ]
    },
    {
      "mode": "data",
      "type": "archive_file",
      "name": "search_zip",
      "provider": "provider[\"registry.terraform.io/hashicorp/archive\"]",
      "instances": [
        {
          "schema_version": 0,
          "attributes": {
            "exclude_symlink_directories": null,
            "excludes": null,
            "id": "2ac4a595f3db4ea72c5f8af322e277303584eb38",
            "output_base64sha256": "W6EINEl5RyVEDXQShYPv9I9s6RdXTJzb9y+lT6wnlVM=",
            "output_base64sha512": "OuGPa1MeDHmphEtKtICJtWLm43iRxryMeQlBrgR38Qh2C/OCJ4OyxOdJS1Ro9LnJgzt8VOYgiJsJE+4jmU+2Gw==",
            "output_file_mode": null,
            "output_md5": "6ff3e9623106cd0fbb29ab0cc7d3004c",
            "output_path": "../../src/build/lambda/search_package/function.zip",
            "output_sha": "2ac4a595f3db4ea72c5f8af322e277303584eb38",
            "output_sha256": "5ba1083449794725440d74128583eff48f6ce917574c9cdbf72fa54fac279553",
            "output_sha512": "3ae18f6b531e0c79a9844b4ab48089b562e6e37891c6bc8c790941ae0477f108760bf3822783b2c4e7494b5468f4b9c9833b7c54e620889b0913ee23994fb61b",
            "output_size": 36838400,
            "source": [],
            "source_content": null,
            "source_content_filename": null,
            "source_dir": "../../src/build/lambda/search_package",
            "source_file": null,
            "type": "zip"
          },
          "sensitive_attributes": [],
          "identity_schema_version": 0
        }
      ]
    },
    {
      "mode": "data",
      "type": "archive_file",
      "name": "zone_backfill_zip",
      "provider": "provider[\"registry.terraform.io/hashicorp/archive\"]",
      "instances": [
        {
          "schema_version": 0,
          "attributes": {
            "exclude_symlink_directories": null,
            "excludes": null,
            "id": "b4a7e6d7f3714103122a48514ef6670cf9edf788",
            "output_base64sha256": "x3wHTLPg8chccyHI9rdqFOpnKDnZFYyc9oa9Wz92uuE=",
            "output_base64sha512": "lGI0kFfMSQjFQrIrfY3P/m1S9w0njp1XLfxhmVuCxN9F1iRe9JgeBayBAZWXUptoSQMUV+xvRDW8eDODK/xseQ==",
            "output_file_mode": null,
            "output_md5": "1aaeeeb539689d84ddec0ba24edfb439",
            "output_path": "../../src/build/lambda/zone_backfill_package/function.zip",
            "output_sha": "b4a7e6d7f3714103122a48514ef6670cf9edf788",
            "output_sha256": "c77c074cb3e0f1c85c7321c8f6b76a14ea672839d9158c9cf686bd5b3f76bae1",
            "output_sha512": "9462349057cc4908c542b22b7d8dcffe6d52f70d278e9d572dfc61995b82c4df45d6245ef4981e05ac81019597529b6849031457ec6f4435bc7833832bfc6c79",
            "output_size": 36838154,
            "source": [],
            "source_content": null,
            "source_content_filename": null,
            "source_dir": "../../src/build/lambda/zone_backfill_package",
            "source_file": null,
            "type": "zip"
          },
          "sensitive_attributes": [],
          "identity_schema_version": 0
        }
      ]
    },
    {
      "mode": "data",
      "type": "archive_file",
      "name": "zone_listener_zip",
      "provider": "provider[\"registry.terraform.io/hashicorp/archive\"]",
      "instances": [
        {
          "schema_version": 0,
          "attributes": {
            "exclude_symlink_directories": null,
            "excludes": null,
            "id": "37f270307d7e9a065de12f66bf7a7337d5bd71f4",
            "output_base64sha256": "WFFCDvZh77tSCs2QFSsUregEmMqY/oktgexaKn0c2rQ=",
            "output_base64sha512": "C+18UwTvZ7ttpx9wgx2pNaZjdedJYR9+Tw6LpEjV9a+mvS8DIESCRU0Ha+OxflT72Iqjd+paJrnpYtyTzSEX7g==",
            "output_file_mode": null,
            "output_md5": "c0c2949690713f2b9ff69266bdb60773",
            "output_path": "../../src/build/lambda/zone_listener_package/function.zip",
            "output_sha": "37f270307d7e9a065de12f66bf7a7337d5bd71f4",
            "output_sha256": "5851420ef661efbb520acd90152b14ade80498ca98fe892d81ec5a2a7d1cdab4",
            "output_sha512": "0bed7c5304ef67bb6da71f70831da935a66375e749611f7e4f0e8ba448d5f5afa6bd2f03204482454d076be3b17e54fbd88aa377ea5a26b9e962dc93cd2117ee",
            "output_size": 36838345,
            "source": [],
            "source_content": null,
            "source_content_filename": null,
            "source_dir": "../../src/build/lambda/zone_listener_package",
            "source_file": null,
            "type": "zip"
          },
          "sensitive_attributes": [],
          "identity_schema_version": 0
        }
      ]
    },
    {
      "mode": "managed",
      "type": "aws_lambda_event_source_mapping",
      "name": "alerts_queue_to_lambda",
      "provider": "provider[\"registry.terraform.io/hashicorp/aws\"]",
      "instances": [
        {
          "schema_version": 0,
          "attributes": {
            "amazon_managed_kafka_event_source_config": [],
            "arn": "arn:aws:lambda:us-east-2:000000000000:event-source-mapping:63527f8b-cce9-48af-a50f-503e63792a04",
            "batch_size": 10,
            "bisect_batch_on_function_error": false,
            "destination_config": [],
            "document_db_event_source_config": [],
            "enabled": true,
            "event_source_arn": "arn:aws:sqs:us-east-2:000000000000:alerts-queue",
            "filter_criteria": [],
            "function_arn": "arn:aws:lambda:us-east-2:000000000000:function:alert-listener",
            "function_name": "arn:aws:lambda:us-east-2:000000000000:function:alert-listener",
            "function_response_types": [],
            "id": "63527f8b-cce9-48af-a50f-503e63792a04",
            "kms_key_arn": "",
            "last_modified": "2025-06-09T04:13:29Z",
            "last_processing_result": "",
            "maximum_batching_window_in_seconds": 0,
            "maximum_record_age_in_seconds": 0,
            "maximum_retry_attempts": 0,
            "metrics_config": [],
            "parallelization_factor": 0,
            "provisioned_poller_config": [],
            "queues": [],
            "scaling_config": [],
            "self_managed_event_source": [],
            "self_managed_kafka_event_source_config": [],
            "source_access_configuration": [],
            "starting_position": "",
            "starting_position_timestamp": "",
            "state": "Enabled",
            "state_transition_reason": "USER_INITIATED",
            "tags": {},
            "tags_all": {},
            "topics": [],
            "tumbling_window_in_seconds": 0,
            "uuid": "63527f8b-cce9-48af-a50f-503e63792a04"
          },
          "sensitive_attributes": [],
          "identity_schema_version": 0,
          "private": "bnVsbA==",
          "dependencies": [
            "aws_lambda_function.alert_listener_function",
            "aws_sqs_queue.alerts_dlq",
            "aws_sqs_queue.alerts_queue",
            "data.archive_file.alert_listener_zip",
            "null_resource.prepare_alert_listener_package"
          ]
        }
      ]
    },
    {
      "mode": "managed",
      "type": "aws_lambda_event_source_mapping",
      "name": "zones_queue_to_lambda",
      "provider": "provider[\"registry.terraform.io/hashicorp/aws\"]",
      "instances": [
        {
          "schema_version": 0,
          "attributes": {
            "amazon_managed_kafka_event_source_config": [],
            "arn": "arn:aws:lambda:us-east-2:000000000000:event-source-mapping:b0caa973-7ede-4a08-a3ae-49d0f1613615",
            "batch_size": 5,
            "bisect_batch_on_function_error": false,
            "destination_config": [],
            "document_db_event_source_config": [],
            "enabled": true,
            "event_source_arn": "arn:aws:sqs:us-east-2:000000000000:zones-queue",
            "filter_criteria": [],
            "function_arn": "arn:aws:lambda:us-east-2:000000000000:function:zone-listener",
            "function_name": "arn:aws:lambda:us-east-2:000000000000:function:zone-listener",
            "function_response_types": [],
            "id": "b0caa973-7ede-4a08-a3ae-49d0f1613615",
            "kms_key_arn": "",
            "last_modified": "2025-06-09T04:13:37Z",
            "last_processing_result": "",
            "maximum_batching_window_in_seconds": 0,
            "maximum_record_age_in_seconds": 0,
            "maximum_retry_attempts": 0,
            "metrics_config": [],
            "parallelization_factor": 0,
            "provisioned_poller_config": [],
            "queues": [],
            "scaling_config": [],
            "self_managed_event_source": [],
            "self_managed_kafka_event_source_config": [],
            "source_access_configuration": [],
            "starting_position": "",
            "starting_position_timestamp": "",
            "state": "Enabled",
            "state_transition_reason": "USER_INITIATED",
            "tags": {},
            "tags_all": {},
            "topics": [],
            "tumbling_window_in_seconds": 0,
            "uuid": "b0caa973-7ede-4a08-a3ae-49d0f1613615"
          },
          "sensitive_attributes": [],
          "identity_schema_version": 0,
          "private": "bnVsbA==",
          "dependencies": [
            "aws_lambda_function.zone_listener_function",
            "aws_sqs_queue.zones_dlq",
            "aws_sqs_queue.zones_queue",
            "data.archive_file.zone_listener_zip",
            "null_resource.prepare_zone_listener_package"
          ]
        }
      ]
    },
    {
      "mode": "managed",
      "type": "aws_lambda_function",
      "name": "alert_listener_function",
      "provider": "provider[\"registry.terraform.io/hashicorp/aws\"]",
      "instances": [
        {
          "schema_version": 0,
          "attributes": {
            "architectures": [
              "x86_64"
            ],
            "arn": "arn:aws:lambda:us-east-2:000000000000:function:alert-listener",
            "code_sha256": "oUdSWxy12T3M9ySGuU4MeWwEFozMV2rFI4BjCWBi7g4=",
            "code_signing_config_arn": "",
            "dead_letter_config": [],
            "description": "",
            "environment": [],
            "ephemeral_storage": [
              {
                "size": 512
              }
            ],
            "file_system_config": [],
            "filename": "../../src/build/lambda/alert_listener_package/function.zip",
            "function_name": "alert-listener",
            "handler": "lambda_function.lambda_handler",
            "id": "alert-listener",
            "image_config": [],
            "image_uri": "",
            "invoke_arn": "arn:aws:apigateway:us-east-2:lambda:path/2015-03-31/functions/arn:aws:lambda:us-east-2:000000000000:function:alert-listener/invocations",
            "kms_key_arn": "",
            "last_modified": "2025-06-09T04:13:24.605795+0000",
            "layers": [],
            "logging_config": [
              {
                "application_log_level": "",
                "log_format": "Text",
                "log_group": "/aws/lambda/alert-listener",
                "system_log_level": ""
              }
            ],
            "memory_size": 512,
            "package_type": "Zip",
            "publish": false,
            "qualified_arn": "arn:aws:lambda:us-east-2:000000000000:function:alert-listener:$LATEST",
            "qualified_invoke_arn": "arn:aws:apigateway:us-east-2:lambda:path/2015-03-31/functions/arn:aws:lambda:us-east-2:000000000000:function:alert-listener:$LATEST/invocations",
            "replace_security_groups_on_destroy": null,
            "replacement_security_group_ids": null,
            "reserved_concurrent_executions": -1,
            "role": "arn:aws:iam::302933091929:role/service-role/weather-driver-lambda-role",
            "runtime": "python3.12",
            "s3_bucket": null,
            "s3_key": null,
            "s3_object_version": null,
            "signing_job_arn": "",
            "signing_profile_version_arn": "",
            "skip_destroy": false,
            "snap_start": [],
            "source_code_hash": "oUdSWxy12T3M9ySGuU4MeWwEFozMV2rFI4BjCWBi7g4=",
            "source_code_size": 36838497,
            "tags": {},
            "tags_all": {},
            "timeout": 90,
            "timeouts": null,
            "tracing_config": [
              {
                "mode": "PassThrough"
              }
            ],
            "version": "$LATEST",
            "vpc_config": []
          },
          "sensitive_attributes": [],
          "identity_schema_version": 0,
          "private": "eyJlMmJmYjczMC1lY2FhLTExZTYtOGY4OC0zNDM2M2JjN2M0YzAiOnsiY3JlYXRlIjo2MDAwMDAwMDAwMDAsImRlbGV0ZSI6NjAwMDAwMDAwMDAwLCJ1cGRhdGUiOjYwMDAwMDAwMDAwMH19",
          "dependencies": [
            "data.archive_file.alert_listener_zip",
            "null_resource.prepare_alert_listener_package"
          ]
        }
      ]
    },
    {
      "mode": "managed",
      "type": "aws_lambda_function",
      "name": "poll_alerts_function",
      "provider": "provider[\"registry.terraform.io/hashicorp/aws\"]",
      "instances": [
        {
          "schema_version": 0,
          "attributes": {
            "architectures": [
              "x86_64"
            ],
            "arn": "arn:aws:lambda:us-east-2:000000000000:function:poll-alerts",
            "code_sha256": "bbOMOVxc3VzxuqEvvmp0xoNnJ9CFw7/QyrrC3xuPlPE=",
            "code_signing_config_arn": "",
            "dead_letter_config": [],
            "description": "",
            "environment": [],
            "ephemeral_storage": [
              {
                "size": 512
              }
            ],
            "file_system_config": [],
            "filename": "../../src/build/lambda/poll_alerts_package/function.zip",
            "function_name": "poll-alerts",
            "handler": "lambda_function.lambda_handler",
            "id": "poll-alerts",
            "image_config": [],
            "image_uri": "",
            "invoke_arn": "arn:aws:apigateway:us-east-2:lambda:path/2015-03-31/functions/arn:aws:lambda:us-east-2:000000000000:function:poll-alerts/invocations",
            "kms_key_arn": "",
            "last_modified": "2025-06-09T04:13:17.236435+0000",
            "layers": [],
            "logging_config": [
              {
                "application_log_level": "",
                "log_format": "Text",
                "log_group": "/aws/lambda/poll-alerts",
                "system_log_level": ""
              }
            ],
            "memory_size": 512,
            "package_type": "Zip",
            "publish": false,
            "qualified_arn": "arn:aws:lambda:us-east-2:000000000000:function:poll-alerts:$LATEST",
            "qualified_invoke_arn": "arn:aws:apigateway:us-east-2:lambda:path/2015-03-31/functions/arn:aws:lambda:us-east-2:000000000000:function:poll-alerts:$LATEST/invocations",
            "replace_security_groups_on_destroy": null,
            "replacement_security_group_ids": null,
            "reserved_concurrent_executions": -1,
            "role": "arn:aws:iam::302933091929:role/service-role/weather-driver-lambda-role",
            "runtime": "python3.12",
            "s3_bucket": null,
            "s3_key": null,
            "s3_object_version": null,
            "signing_job_arn": "",
            "signing_profile_version_arn": "",
            "skip_destroy": false,
            "snap_start": [],
            "source_code_hash": "bbOMOVxc3VzxuqEvvmp0xoNnJ9CFw7/QyrrC3xuPlPE=",
            "source_code_size": 36838111,
            "tags": {},
            "tags_all": {},
            "timeout": 90,
            "timeouts": null,
            "tracing_config": [
              {
                "mode": "PassThrough"
              }
            ],
            "version": "$LATEST",
            "vpc_config": []
          },
          "sensitive_attributes": [],
          "identity_schema_version": 0,
          "private": "eyJlMmJmYjczMC1lY2FhLTExZTYtOGY4OC0zNDM2M2JjN2M0YzAiOnsiY3JlYXRlIjo2MDAwMDAwMDAwMDAsImRlbGV0ZSI6NjAwMDAwMDAwMDAwLCJ1cGRhdGUiOjYwMDAwMDAwMDAwMH19",
          "dependencies": [
            "data.archive_file.poll_alerts_zip",
            "null_resource.prepare_poll_alerts_package"
          ]
        }
      ]
    },
    {
      "mode": "managed",
      "type": "aws_lambda_function",
      "name": "search_function",
      "provider": "provider[\"registry.terraform.io/hashicorp/aws\"]",
      "instances": [
        {
          "schema_version": 0,
          "attributes": {
            "architectures": [
              "x86_64"
            ],
            "arn": "arn:aws:lambda:us-east-2:000000000000:function:search",
            "code_sha256": "W6EINEl5RyVEDXQShYPv9I9s6RdXTJzb9y+lT6wnlVM=",
            "code_signing_config_arn": "",
            "dead_letter_config": [],
            "description": "",
            "environment": [],
            "ephemeral_storage": [
              {
                "size": 512
              }
            ],
            "file_system_config": [],
            "filename": "../../src/build/lambda/search_package/function.zip",
            "function_name": "search",
            "handler": "lambda_function.lambda_handler",
            "id": "search",
            "image_config": [],
            "image_uri": "",
            "invoke_arn": "arn:aws:apigateway:us-east-2:lambda:path/2015-03-31/functions/arn:aws:lambda:us-east-2:000000000000:function:search/invocations",
            "kms_key_arn": "",
            "last_modified": "2025-06-09T04:13:01.665752+0000",
            "layers": [],
            "logging_config": [
              {
                "application_log_level": "",
                "log_format": "Text",
                "log_group": "/aws/lambda/search",
                "system_log_level": ""
              }
            ],
            "memory_size": 512,
            "package_type": "Zip",
            "publish": false,
            "qualified_arn": "arn:aws:lambda:us-east-2:000000000000:function:search:$LATEST",
            "qualified_invoke_arn": "arn:aws:apigateway:us-east-2:lambda:path/2015-03-31/functions/arn:aws:lambda:us-east-2:000000000000:function:search:$LATEST/invocations",
            "replace_security_groups_on_destroy": null,
            "replacement_security_group_ids": null,
            "reserved_concurrent_executions": -1,
            "role": "arn:aws:iam::302933091929:role/service-role/weather-driver-lambda-role",
            "runtime": "python3.12",
            "s3_bucket": null,
            "s3_key": null,
            "s3_object_version": null,
            "signing_job_arn": "",
            "signing_profile_version_arn": "",
            "skip_destroy": false,
            "snap_start": [],
            "source_code_hash": "W6EINEl5RyVEDXQShYPv9I9s6RdXTJzb9y+lT6wnlVM=",
            "source_code_size": 36838400,
            "tags": {},
            "tags_all": {},
            "timeout": 90,
            "timeouts": null,
            "tracing_config": [
              {
                "mode": "PassThrough"
              }
            ],
            "version": "$LATEST",
            "vpc_config": []
          },
          "sensitive_attributes": [],
          "identity_schema_version": 0,
          "private": "eyJlMmJmYjczMC1lY2FhLTExZTYtOGY4OC0zNDM2M2JjN2M0YzAiOnsiY3JlYXRlIjo2MDAwMDAwMDAwMDAsImRlbGV0ZSI6NjAwMDAwMDAwMDAwLCJ1cGRhdGUiOjYwMDAwMDAwMDAwMH19",
          "dependencies": [
            "data.archive_file.search_zip",
            "null_resource.prepare_search_package"
          ]
        }
      ]
    },
    {
      "mode": "managed",
      "type": "aws_lambda_function",
      "name": "zone_backfill_function",
      "provider": "provider[\"registry.terraform.io/hashicorp/aws\"]",
      "instances": [
        {
          "schema_version": 0,
          "attributes": {
            "architectures": [
              "x86_64"
            ],
            "arn": "arn:aws:lambda:us-east-2:000000000000:function:zone-backfill",
            "code_sha256": "x3wHTLPg8chccyHI9rdqFOpnKDnZFYyc9oa9Wz92uuE=",
            "code_signing_config_arn": "",
            "dead_letter_config": [],
            "description": "",
            "environment": [],
            "ephemeral_storage": [
              {
                "size": 512
              }
            ],
            "file_system_config": [],
            "filename": "../../src/build/lambda/zone_backfill_package/function.zip",
            "function_name": "zone-backfill",
            "handler": "lambda_function.lambda_handler",
            "id": "zone-backfill",
            "image_config": [],
            "image_uri": "",
            "invoke_arn": "arn:aws:apigateway:us-east-2:lambda:path/2015-03-31/functions/arn:aws:lambda:us-east-2:000000000000:function:zone-backfill/invocations",
            "kms_key_arn": "",
            "last_modified": "2025-06-09T04:13:09.702993+0000",
            "layers": [],
            "logging_config": [
              {
                "application_log_level": "",
                "log_format": "Text",
                "log_group": "/aws/lambda/zone-backfill",
                "system_log_level": ""
              }
            ],
            "memory_size": 512,
            "package_type": "Zip",
            "publish": false,
            "qualified_arn": "arn:aws:lambda:us-east-2:000000000000:function:zone-backfill:$LATEST",
            "qualified_invoke_arn": "arn:aws:apigateway:us-east-2:lambda:path/2015-03-31/functions/arn:aws:lambda:us-east-2:000000000000:function:zone-backfill:$LATEST/invocations",
            "replace_security_groups_on_destroy": null,
            "replacement_security_group_ids": null,
            "reserved_concurrent_executions": -1,
            "role": "arn:aws:iam::302933091929:role/service-role/weather-driver-lambda-role",
            "runtime": "python3.12",
            "s3_bucket": null,
            "s3_key": null,
            "s3_object_version": null,
            "signing_job_arn": "",
            "signing_profile_version_arn": "",
            "skip_destroy": false,
            "snap_start": [],
            "source_code_hash": "x3wHTLPg8chccyHI9rdqFOpnKDnZFYyc9oa9Wz92uuE=",
            "source_code_size": 36838154,
            "tags": {},
            "tags_all": {},
            "timeout": 900,
            "timeouts": null,
            "tracing_config": [
              {
                "mode": "PassThrough"
              }
            ],
            "version": "$LATEST",
            "vpc_config": []
          },
          "sensitive_attributes": [],
          "identity_schema_version": 0,
          "private": "eyJlMmJmYjczMC1lY2FhLTExZTYtOGY4OC0zNDM2M2JjN2M0YzAiOnsiY3JlYXRlIjo2MDAwMDAwMDAwMDAsImRlbGV0ZSI6NjAwMDAwMDAwMDAwLCJ1cGRhdGUiOjYwMDAwMDAwMDAwMH19",
          "dependencies": [
            "data.archive_file.zone_backfill_zip",
            "null_resource.prepare_zone_backfill_package"
          ]
        }
      ]
    },
    {
      "mode": "managed",
      "type": "aws_lambda_function",
      "name": "zone_listener_function",
      "provider": "provider[\"registry.terraform.io/hashicorp/aws\"]",
      "instances": [
        {
          "schema_version": 0,
          "attributes": {
            "architectures": [
              "x86_64"
            ],
            "arn": "arn:aws:lambda:us-east-2:000000000000:function:zone-listener",
            "code_sha256": "WFFCDvZh77tSCs2QFSsUregEmMqY/oktgexaKn0c2rQ=",
            "code_signing_config_arn": "",
            "dead_letter_config": [],
            "description": "",
            "environment": [],
            "ephemeral_storage": [
              {
                "size": 512
              }
            ],
            "file_system_config": [],
            "filename": "../../src/build/lambda/zone_listener_package/function.zip",
            "function_name": "zone-listener",
            "handler": "lambda_function.lambda_handler",
            "id": "zone-listener",
            "image_config": [],
            "image_uri": "",
            "invoke_arn": "arn:aws:apigateway:us-east-2:lambda:path/2015-03-31/functions/arn:aws:lambda:us-east-2:000000000000:function:zone-listener/invocations",
            "kms_key_arn": "",
            "last_modified": "2025-06-09T04:13:32.054073+0000",
            "layers": [],
            "logging_config": [
              {
                "application_log_level": "",
                "log_format": "Text",
                "log_group": "/aws/lambda/zone-listener",
                "system_log_level": ""
              }
            ],
            "memory_size": 512,
            "package_type": "Zip",
            "publish": false,
            "qualified_arn": "arn:aws:lambda:us-east-2:000000000000:function:zone-listener:$LATEST",
            "qualified_invoke_arn": "arn:aws:apigateway:us-east-2:lambda:path/2015-03-31/functions/arn:aws:lambda:us-east-2:000000000000:function:zone-listener:$LATEST/invocations",
            "replace_security_groups_on_destroy": null,
            "replacement_security_group_ids": null,
            "reserved_concurrent_executions": -1,
            "role": "arn:aws:iam::302933091929:role/service-role/weather-driver-lambda-role",
            "runtime": "python3.12",
            "s3_bucket": null,
            "s3_key": null,
            "s3_object_version": null,
            "signing_job_arn": "",
            "signing_profile_version_arn": "",
            "skip_destroy": false,
            "snap_start": [],
            "source_code_hash": "WFFCDvZh77tSCs2QFSsUregEmMqY/oktgexaKn0c2rQ=",
            "source_code_size": 36838345,
            "tags": {},
            "tags_all": {},
            "timeout": 90,
            "timeouts": null,
            "tracing_config": [
              {
                "mode": "PassThrough"
              }
            ],
            "version": "$LATEST",
            "vpc_config": []
          },
          "sensitive_attributes": [],
          "identity_schema_version": 0,
          "private": "eyJlMmJmYjczMC1lY2FhLTExZTYtOGY4OC0zNDM2M2JjN2M0YzAiOnsiY3JlYXRlIjo2MDAwMDAwMDAwMDAsImRlbGV0ZSI6NjAwMDAwMDAwMDAwLCJ1cGRhdGUiOjYwMDAwMDAwMDAwMH19",
          "dependencies": [
            "data.archive_file.zone_listener_zip",
            "null_resource.prepare_zone_listener_package"
          ]
        }
      ]
    },
    {
      "mode": "managed",
      "type": "aws_sqs_queue",
      "name": "alerts_queue",
      "provider": "provider[\"registry.terraform.io/hashicorp/aws\"]",
      "instances": [
        {
          "schema_version": 0,
          "attributes": {
            "arn": "arn:aws:sqs:us-east-2:000000000000:alerts-queue",
            "content_based_deduplication": false,
            "deduplication_scope": "",
            "delay_seconds": 0,
            "fifo_queue": false,
            "fifo_throughput_limit": "",
            "id": "http://sqs.us-east-2.localhost.localstack.cloud:4566/000000000000/alerts-queue",
            "kms_data_key_reuse_period_seconds": 300,
            "kms_master_key_id": "",
            "max_message_size": 262144,
            "message_retention_seconds": 345600,
            "name": "alerts-queue",
            "name_prefix": "",
            "policy": "",
            "receive_wait_time_seconds": 0,
            "redrive_allow_policy": "",
            "redrive_policy": "{\"deadLetterTargetArn\":\"arn:aws:sqs:us-east-2:000000000000:alerts-queue-dlq\",\"maxReceiveCount\":3}",
            "sqs_managed_sse_enabled": true,
            "tags": {},
            "tags_all": {},
            "timeouts": null,
            "url": "http://sqs.us-east-2.localhost.localstack.cloud:4566/000000000000/alerts-queue",
            "visibility_timeout_seconds": 120
          },
          "sensitive_attributes": [],
          "identity_schema_version": 0,
          "private": "eyJlMmJmYjczMC1lY2FhLTExZTYtOGY4OC0zNDM2M2JjN2M0YzAiOnsiY3JlYXRlIjoxODAwMDAwMDAwMDAsImRlbGV0ZSI6MTgwMDAwMDAwMDAwLCJ1cGRhdGUiOjE4MDAwMDAwMDAwMH19",
          "dependencies": [
            "aws_sqs_queue.alerts_dlq"
          ]
        }
      ]
    },
    {
      "mode": "managed",
      "type": "null_resource",
      "name": "prepare_alert_listener_package",
      "provider": "provider[\"registry.terraform.io/hashicorp/null\"]",
      "instances": [
        {
          "schema_version": 0,
          "attributes": {
            "id": "8126922808473009300",
            "triggers": {
              "always_run": "2025-06-09T04:16:28Z"
            }
          },
          "sensitive_attributes": [],
          "identity_schema_version": 0
        }
      ]
    },
    {
      "mode": "managed",
      "type": "null_resource",
      "name": "prepare_poll_alerts_package",
      "provider": "provider[\"registry.terraform.io/hashicorp/null\"]",
      "instances": [
        {
          "schema_version": 0,
          "attributes": {
            "id": "6477436016698980137",
            "triggers": {
              "always_run": "2025-06-09T04:16:28Z"
            }
          },
          "sensitive_attributes": [],
          "identity_schema_version": 0
        }
      ]
    },
    {
      "mode": "managed",
      "type": "null_resource",
      "name": "prepare_search_package",
      "provider": "provider[\"registry.terraform.io/hashicorp/null\"]",
      "instances": [
        {
          "schema_version": 0,
          "attributes": {
            "id": "4920918828855446504",
            "triggers": {
              "always_run": "2025-06-09T04:16:28Z"
            }
          },
          "sensitive_attributes": [],
          "identity_schema_version": 0
        }
      ]
    },
    {
      "mode": "managed",
      "type": "null_resource",
      "name": "prepare_zone_backfill_package",
      "provider": "provider[\"registry.terraform.io/hashicorp/null\"]",
      "instances": [
        {
          "schema_version": 0,
          "attributes": {
            "id": "5436019927362061874",
            "triggers": {
              "always_run": "2025-06-09T04:16:28Z"
            }
          },
          "sensitive_attributes": [],
          "identity_schema_version": 0
        }
      ]
    },
    {
      "mode": "managed",
      "type": "null_resource",
      "name": "prepare_zone_listener_package",
      "provider": "provider[\"registry.terraform.io/hashicorp/null\"]",
      "instances": [
        {
          "schema_version": 0,
          "attributes": {
            "id": "8524259871746956681",
            "triggers": {
              "always_run": "2025-06-09T04:16:28Z"
            }
          },
          "sensitive_attributes": [],
          "identity_schema_version": 0
        }
      ]
    }
  ],
  "check_results": null
}
